
Microsoft Visual Studio Solution File, Format Version 12.00
# Visual Studio Version 17
VisualStudioVersion = 17.1.32407.343
MinimumVisualStudioVersion = 10.0.40219.1
Project("{9A19103F-16F7-4668-BE54-9A1E7A4F7556}") = "BulkyBookWeb", "BulkyBookWeb\BulkyBookWeb.csproj", "{29BBC0D1-65E5-46D2-B9F1-9AABD7974AEC}"
EndProject
Project("{FAE04EC0-301F-11D3-BF4B-00C04F79EFBC}") = "BulkyBook.DataAccess", "BulkyBook.DataAccess\BulkyBook.DataAccess.csproj", "{1D513C66-AE89-4937-832B-BB4669799FFD}"
EndProject
Global
	GlobalSection(SolutionConfigurationPlatforms) = preSolution
		Debug|Any CPU = Debug|Any CPU
		Release|Any CPU = Release|Any CPU
	EndGlobalSection
	GlobalSection(ProjectConfigurationPlatforms) = postSolution
		{29BBC0D1-65E5-46D2-B9F1-9AABD7974AEC}.Debug|Any CPU.ActiveCfg = Debug|Any CPU
		{29BBC0D1-65E5-46D2-B9F1-9AABD7974AEC}.Debug|Any CPU.Build.0 = Debug|Any CPU
		{29BBC0D1-65E5-46D2-B9F1-9AABD7974AEC}.Release|Any CPU.ActiveCfg = Release|Any CPU
		{29BBC0D1-65E5-46D2-B9F1-9AABD7974AEC}.Release|Any CPU.Build.0 = Release|Any CPU
		{1D513C66-AE89-4937-832B-BB4669799FFD}.Debug|Any CPU.ActiveCfg = Debug|Any CPU
		{1D513C66-AE89-4937-832B-BB4669799FFD}.Debug|Any CPU.Build.0 = Debug|Any CPU
		{1D513C66-AE89-4937-832B-BB4669799FFD}.Release|Any CPU.ActiveCfg = Release|Any CPU
		{1D513C66-AE89-4937-832B-BB4669799FFD}.Release|Any CPU.Build.0 = Release|Any CPU
	EndGlobalSection
	GlobalSection(SolutionProperties) = preSolution
		HideSolutionNode = FALSE
	EndGlobalSection
	GlobalSection(ExtensibilityGlobals) = postSolution
		SolutionGuid = {75433023-93A9-4B62-8830-4DB109906CC6}
	EndGlobalSection
EndGlobal
